github.com/cridenour/go-postgis v1.0.0 h1:yK82fCY6k0MBCkyeEZDFijalxLNqPECekyNlcjC/B9Q=
github.com/cridenour/go-postgis v1.0.0/go.mod h1:AtTeWrKgwtl5WjwG1oJwcc3AHIf/EC1ngklA0XZKLls=
github.com/lib/pq v1.10.5 h1:J+gdV2cUmX7ZqL2B0lFcW0m+egaHC2V3lpO8nWxyYiQ=
github.com/lib/pq v1.10.5/go.mod h1:AlVN5x4E4T544tWzH6hKfbfQvm3HdbOxrmggDNAPY9o=
